
Microsoft Visual Studio Solution File, Format Version 12.00
# Visual Studio Version 16
VisualStudioVersion = 16.0.33027.164
MinimumVisualStudioVersion = 10.0.40219.1
Project("{FAE04EC0-301F-11D3-BF4B-00C04F79EFBC}") = "Project1", "Project1\Project1.csproj", "{5D71B1DB-7BCF-4B14-BE60-F117678617AF}"
EndProject
Global
	GlobalSection(SolutionConfigurationPlatforms) = preSolution
		Debug|Any CPU = Debug|Any CPU
		Release|Any CPU = Release|Any CPU
	EndGlobalSection
	GlobalSection(ProjectConfigurationPlatforms) = postSolution
		{5D71B1DB-7BCF-4B14-BE60-F117678617AF}.Debug|Any CPU.ActiveCfg = Debug|Any CPU
		{5D71B1DB-7BCF-4B14-BE60-F117678617AF}.Debug|Any CPU.Build.0 = Debug|Any CPU
		{5D71B1DB-7BCF-4B14-BE60-F117678617AF}.Release|Any CPU.ActiveCfg = Release|Any CPU
		{5D71B1DB-7BCF-4B14-BE60-F117678617AF}.Release|Any CPU.Build.0 = Release|Any CPU
	EndGlobalSection
	GlobalSection(SolutionProperties) = preSolution
		HideSolutionNode = FALSE
	EndGlobalSection
	GlobalSection(ExtensibilityGlobals) = postSolution
		SolutionGuid = {3FCBC0A4-A28E-4421-9E54-419BFD4EC269}
	EndGlobalSection
EndGlobal
